
Microsoft Visual Studio Solution File, Format Version 12.00
# Visual Studio 2012
Project("{FAE04EC0-301F-11D3-BF4B-00C04F79EFBC}") = "BomberCowServer", "BomberCowServer\BomberCowServer.csproj", "{78E90F33-3E23-4555-A30A-D6575B6EA8BD}"
EndProject
Global
	GlobalSection(SolutionConfigurationPlatforms) = preSolution
		Debug|Any CPU = Debug|Any CPU
		Release|Any CPU = Release|Any CPU
	EndGlobalSection
	GlobalSection(ProjectConfigurationPlatforms) = postSolution
		{78E90F33-3E23-4555-A30A-D6575B6EA8BD}.Debug|Any CPU.ActiveCfg = Debug|Any CPU
		{78E90F33-3E23-4555-A30A-D6575B6EA8BD}.Debug|Any CPU.Build.0 = Debug|Any CPU
		{78E90F33-3E23-4555-A30A-D6575B6EA8BD}.Release|Any CPU.ActiveCfg = Release|Any CPU
		{78E90F33-3E23-4555-A30A-D6575B6EA8BD}.Release|Any CPU.Build.0 = Release|Any CPU
	EndGlobalSection
	GlobalSection(SolutionProperties) = preSolution
		HideSolutionNode = FALSE
	EndGlobalSection
EndGlobal
